{
  "originHash" : "84384d438879192c2f0235ad374c598e29c1fd104d20749d8e7848e2f6d2fd7c",
  "pins" : [
    {
      "identity" : "kazutility",
      "kind" : "remoteSourceControl",
      "location" : "https://github.com/wontaeyoung/KazUtility",
      "state" : {
        "revision" : "674e96a8f78e2132ab0eb34d2b665f63c75b61ba",
        "version" : "2.4.0"
      }
    },
    {
      "identity" : "rxswift",
      "kind" : "remoteSourceControl",
      "location" : "https://github.com/ReactiveX/RxSwift.git",
      "state" : {
        "revision" : "9dcaa4b333db437b0fbfaf453fad29069044a8b4",
        "version" : "6.6.0"
      }
    },
    {
      "identity" : "snapkit",
      "kind" : "remoteSourceControl",
      "location" : "https://github.com/SnapKit/SnapKit.git",
      "state" : {
        "revision" : "2842e6e84e82eb9a8dac0100ca90d9444b0307f4",
        "version" : "5.7.1"
      }
    }
  ],
  "version" : 3
}
